
Microsoft Visual Studio Solution File, Format Version 12.00
# Visual Studio Version 16
VisualStudioVersion = 16.0.30413.136
MinimumVisualStudioVersion = 10.0.40219.1
Project("{2150E333-8FDC-42A3-9474-1A3956D46DE8}") = "src", "src", "{A4C28F08-9DDE-49A9-AC44-5BD4DC2AF314}"
EndProject
Project("{2150E333-8FDC-42A3-9474-1A3956D46DE8}") = "tests", "tests", "{CAC735BF-95F0-4BD6-9558-EAF9EEA8E79C}"
EndProject
Project("{FAE04EC0-301F-11D3-BF4B-00C04F79EFBC}") = "GameOfLife.Library", "src\GameOfLife.Library\GameOfLife.Library.csproj", "{A17F3DF1-EE41-4E02-9925-1FC99D600655}"
EndProject
Project("{FAE04EC0-301F-11D3-BF4B-00C04F79EFBC}") = "GameOfLife.UI", "src\GameOfLife.UI\GameOfLife.UI.csproj", "{7196EF60-5536-46E8-9114-C9227F056CB5}"
EndProject
Global
	GlobalSection(SolutionConfigurationPlatforms) = preSolution
		Debug|Any CPU = Debug|Any CPU
		Release|Any CPU = Release|Any CPU
	EndGlobalSection
	GlobalSection(ProjectConfigurationPlatforms) = postSolution
		{A17F3DF1-EE41-4E02-9925-1FC99D600655}.Debug|Any CPU.ActiveCfg = Debug|Any CPU
		{A17F3DF1-EE41-4E02-9925-1FC99D600655}.Debug|Any CPU.Build.0 = Debug|Any CPU
		{A17F3DF1-EE41-4E02-9925-1FC99D600655}.Release|Any CPU.ActiveCfg = Release|Any CPU
		{A17F3DF1-EE41-4E02-9925-1FC99D600655}.Release|Any CPU.Build.0 = Release|Any CPU
		{7196EF60-5536-46E8-9114-C9227F056CB5}.Debug|Any CPU.ActiveCfg = Debug|Any CPU
		{7196EF60-5536-46E8-9114-C9227F056CB5}.Debug|Any CPU.Build.0 = Debug|Any CPU
		{7196EF60-5536-46E8-9114-C9227F056CB5}.Release|Any CPU.ActiveCfg = Release|Any CPU
		{7196EF60-5536-46E8-9114-C9227F056CB5}.Release|Any CPU.Build.0 = Release|Any CPU
	EndGlobalSection
	GlobalSection(SolutionProperties) = preSolution
		HideSolutionNode = FALSE
	EndGlobalSection
	GlobalSection(NestedProjects) = preSolution
		{A17F3DF1-EE41-4E02-9925-1FC99D600655} = {A4C28F08-9DDE-49A9-AC44-5BD4DC2AF314}
		{7196EF60-5536-46E8-9114-C9227F056CB5} = {A4C28F08-9DDE-49A9-AC44-5BD4DC2AF314}
	EndGlobalSection
	GlobalSection(ExtensibilityGlobals) = postSolution
		SolutionGuid = {B5E7928E-838D-4518-8FA2-D365CADA8942}
	EndGlobalSection
EndGlobal
